
Microsoft Visual Studio Solution File, Format Version 12.00
# Visual Studio Version 17
VisualStudioVersion = 17.5.002.0
MinimumVisualStudioVersion = 10.0.40219.1
Project("{9A19103F-16F7-4668-BE54-9A1E7A4F7556}") = "diceRoll", "diceRoll.csproj", "{70DA65EE-C0F6-403B-8E0F-AF8971525AA3}"
EndProject
Global
	GlobalSection(SolutionConfigurationPlatforms) = preSolution
		Debug|Any CPU = Debug|Any CPU
		Release|Any CPU = Release|Any CPU
	EndGlobalSection
	GlobalSection(ProjectConfigurationPlatforms) = postSolution
		{70DA65EE-C0F6-403B-8E0F-AF8971525AA3}.Debug|Any CPU.ActiveCfg = Debug|Any CPU
		{70DA65EE-C0F6-403B-8E0F-AF8971525AA3}.Debug|Any CPU.Build.0 = Debug|Any CPU
		{70DA65EE-C0F6-403B-8E0F-AF8971525AA3}.Release|Any CPU.ActiveCfg = Release|Any CPU
		{70DA65EE-C0F6-403B-8E0F-AF8971525AA3}.Release|Any CPU.Build.0 = Release|Any CPU
	EndGlobalSection
	GlobalSection(SolutionProperties) = preSolution
		HideSolutionNode = FALSE
	EndGlobalSection
	GlobalSection(ExtensibilityGlobals) = postSolution
		SolutionGuid = {EE8AA94E-90CB-437D-9521-D2E62E2E9C99}
	EndGlobalSection
EndGlobal
