
Microsoft Visual Studio Solution File, Format Version 12.00
# Visual Studio Version 17
VisualStudioVersion = 17.5.002.0
MinimumVisualStudioVersion = 10.0.40219.1
Project("{9A19103F-16F7-4668-BE54-9A1E7A4F7556}") = "coinflip", "coinflip.csproj", "{45D62062-DBE3-4C4E-A9E1-E3E4C816F014}"
EndProject
Global
	GlobalSection(SolutionConfigurationPlatforms) = preSolution
		Debug|Any CPU = Debug|Any CPU
		Release|Any CPU = Release|Any CPU
	EndGlobalSection
	GlobalSection(ProjectConfigurationPlatforms) = postSolution
		{45D62062-DBE3-4C4E-A9E1-E3E4C816F014}.Debug|Any CPU.ActiveCfg = Debug|Any CPU
		{45D62062-DBE3-4C4E-A9E1-E3E4C816F014}.Debug|Any CPU.Build.0 = Debug|Any CPU
		{45D62062-DBE3-4C4E-A9E1-E3E4C816F014}.Release|Any CPU.ActiveCfg = Release|Any CPU
		{45D62062-DBE3-4C4E-A9E1-E3E4C816F014}.Release|Any CPU.Build.0 = Release|Any CPU
	EndGlobalSection
	GlobalSection(SolutionProperties) = preSolution
		HideSolutionNode = FALSE
	EndGlobalSection
	GlobalSection(ExtensibilityGlobals) = postSolution
		SolutionGuid = {9DD698A1-C85A-4656-9B5F-A3D46278089B}
	EndGlobalSection
EndGlobal
