
Microsoft Visual Studio Solution File, Format Version 12.00
# Visual Studio Version 17
VisualStudioVersion = 17.5.002.0
MinimumVisualStudioVersion = 10.0.40219.1
Project("{9A19103F-16F7-4668-BE54-9A1E7A4F7556}") = "logic", "logic.csproj", "{43D5A964-319F-44A7-ADC4-1D2FEE1E1D10}"
EndProject
Global
	GlobalSection(SolutionConfigurationPlatforms) = preSolution
		Debug|Any CPU = Debug|Any CPU
		Release|Any CPU = Release|Any CPU
	EndGlobalSection
	GlobalSection(ProjectConfigurationPlatforms) = postSolution
		{43D5A964-319F-44A7-ADC4-1D2FEE1E1D10}.Debug|Any CPU.ActiveCfg = Debug|Any CPU
		{43D5A964-319F-44A7-ADC4-1D2FEE1E1D10}.Debug|Any CPU.Build.0 = Debug|Any CPU
		{43D5A964-319F-44A7-ADC4-1D2FEE1E1D10}.Release|Any CPU.ActiveCfg = Release|Any CPU
		{43D5A964-319F-44A7-ADC4-1D2FEE1E1D10}.Release|Any CPU.Build.0 = Release|Any CPU
	EndGlobalSection
	GlobalSection(SolutionProperties) = preSolution
		HideSolutionNode = FALSE
	EndGlobalSection
	GlobalSection(ExtensibilityGlobals) = postSolution
		SolutionGuid = {20BA3681-4FF5-48AE-A668-73F1F8F88061}
	EndGlobalSection
EndGlobal
