
Microsoft Visual Studio Solution File, Format Version 12.00
# Visual Studio Version 17
VisualStudioVersion = 17.5.002.0
MinimumVisualStudioVersion = 10.0.40219.1
Project("{9A19103F-16F7-4668-BE54-9A1E7A4F7556}") = "permissions", "permissions.csproj", "{F3773A15-A966-42D4-B2F9-1EA23E7228F9}"
EndProject
Global
	GlobalSection(SolutionConfigurationPlatforms) = preSolution
		Debug|Any CPU = Debug|Any CPU
		Release|Any CPU = Release|Any CPU
	EndGlobalSection
	GlobalSection(ProjectConfigurationPlatforms) = postSolution
		{F3773A15-A966-42D4-B2F9-1EA23E7228F9}.Debug|Any CPU.ActiveCfg = Debug|Any CPU
		{F3773A15-A966-42D4-B2F9-1EA23E7228F9}.Debug|Any CPU.Build.0 = Debug|Any CPU
		{F3773A15-A966-42D4-B2F9-1EA23E7228F9}.Release|Any CPU.ActiveCfg = Release|Any CPU
		{F3773A15-A966-42D4-B2F9-1EA23E7228F9}.Release|Any CPU.Build.0 = Release|Any CPU
	EndGlobalSection
	GlobalSection(SolutionProperties) = preSolution
		HideSolutionNode = FALSE
	EndGlobalSection
	GlobalSection(ExtensibilityGlobals) = postSolution
		SolutionGuid = {41413E3A-9479-49B1-9B1B-8BC1A25F21F2}
	EndGlobalSection
EndGlobal
